{
  "name": "scipy_proceedings",
  "lockfileVersion": 3,
  "requires": true,
  "packages": {
    "": {
      "dependencies": {
        "nodejs.org": "^10.9.0"
      }
    },
    "node_modules/nodejs.org": {
      "version": "10.9.0",
      "resolved": "https://registry.npmjs.org/nodejs.org/-/nodejs.org-10.9.0.tgz",
      "integrity": "sha512-Xhu18RATwD+8WG/MfJsn73hZkTWIf/jtq+G0kCn7SjM1eC5RcPKb7kzpQT5FbERwmHtyd6mg2P32BATQE4vdsA=="
    }
  }
}
