version: 6
environments:
  cpu:
    channels:
    - url: https://conda.anaconda.org/conda-forge/
    packages:
      linux-64:

...

      - conda: https://conda.anaconda.org/conda-forge/linux-64/python-3.13.7-h2b335a9_100_cp313.conda
      - conda: https://conda.anaconda.org/conda-forge/noarch/python_abi-3.13-8_cp313.conda
      - conda: https://conda.anaconda.org/conda-forge/linux-64/pytorch-2.7.1-cpu_mkl_py313_h58dab0e_103.conda
      - conda: https://conda.anaconda.org/conda-forge/linux-64/pytorch-cpu-2.7.1-cpu_mkl_hc60beec_103.conda

...

  gpu:
    channels:
    - url: https://conda.anaconda.org/conda-forge/
    packages:
      linux-64:

...

      - conda: https://conda.anaconda.org/conda-forge/linux-64/cuda-nvcc-tools-12.9.86-he02047a_2.conda
      - conda: https://conda.anaconda.org/conda-forge/linux-64/cuda-nvdisasm-12.9.88-hbd13f7d_0.conda
      - conda: https://conda.anaconda.org/conda-forge/linux-64/cuda-nvrtc-12.9.86-h5888daf_0.conda
      - conda: https://conda.anaconda.org/conda-forge/linux-64/cuda-nvtx-12.9.79-h5888daf_0.conda
      - conda: https://conda.anaconda.org/conda-forge/linux-64/cuda-nvvm-tools-12.9.86-h4bc722e_2.conda
      - conda: https://conda.anaconda.org/conda-forge/noarch/cuda-version-12.9-h4f385c5_3.conda
      - conda: https://conda.anaconda.org/conda-forge/linux-64/cudnn-9.10.1.4-hbcb9cd8_1.conda

...

      - conda: https://conda.anaconda.org/conda-forge/linux-64/python-3.13.7-h2b335a9_100_cp313.conda
      - conda: https://conda.anaconda.org/conda-forge/noarch/python_abi-3.13-8_cp313.conda
      - conda: https://conda.anaconda.org/conda-forge/linux-64/pytorch-2.7.1-cuda129_mkl_py313_h1e53aa0_304.conda
      - conda: https://conda.anaconda.org/conda-forge/linux-64/pytorch-gpu-2.7.1-cuda129_mkl_h43a4b0b_304.conda

...

packages:

...

- conda: https://conda.anaconda.org/conda-forge/linux-64/pytorch-gpu-2.7.1-cuda129_mkl_h43a4b0b_304.conda
  sha256: af54e6535619f4e484d278d015df6ea67622e2194f78da2c0541958fc3d83d18
  md5: e374ee50f7d5171d82320bced8165e85
  depends:
  - pytorch 2.7.1 cuda*_mkl*304
  license: BSD-3-Clause
  license_family: BSD
  size: 48008
  timestamp: 1753886159800

...
